
Microsoft Visual Studio Solution File, Format Version 12.00
# Visual Studio Version 17
VisualStudioVersion = 17.3.32929.385
MinimumVisualStudioVersion = 10.0.40219.1
Project("{FAE04EC0-301F-11D3-BF4B-00C04F79EFBC}") = "adventofcode", "adventofcode\adventofcode.csproj", "{4A04ECB3-164B-4BB7-BBCD-D55F127D9379}"
EndProject
Global
	GlobalSection(SolutionConfigurationPlatforms) = preSolution
		Debug|Any CPU = Debug|Any CPU
		Release|Any CPU = Release|Any CPU
	EndGlobalSection
	GlobalSection(ProjectConfigurationPlatforms) = postSolution
		{4A04ECB3-164B-4BB7-BBCD-D55F127D9379}.Debug|Any CPU.ActiveCfg = Debug|Any CPU
		{4A04ECB3-164B-4BB7-BBCD-D55F127D9379}.Debug|Any CPU.Build.0 = Debug|Any CPU
		{4A04ECB3-164B-4BB7-BBCD-D55F127D9379}.Release|Any CPU.ActiveCfg = Release|Any CPU
		{4A04ECB3-164B-4BB7-BBCD-D55F127D9379}.Release|Any CPU.Build.0 = Release|Any CPU
	EndGlobalSection
	GlobalSection(SolutionProperties) = preSolution
		HideSolutionNode = FALSE
	EndGlobalSection
	GlobalSection(ExtensibilityGlobals) = postSolution
		SolutionGuid = {1900D061-4A5D-4B1F-8E7A-E75DDEC3B6B3}
	EndGlobalSection
EndGlobal
